
Microsoft Visual Studio Solution File, Format Version 12.00
# Visual Studio Version 17
VisualStudioVersion = 17.14.36127.28
MinimumVisualStudioVersion = 10.0.40219.1
Project("{FAE04EC0-301F-11D3-BF4B-00C04F79EFBC}") = "WebAPI", "WebAPI\WebAPI.csproj", "{4FEE08BD-2D24-4448-8D79-5CDE42ADF509}"
EndProject
Project("{FAE04EC0-301F-11D3-BF4B-00C04F79EFBC}") = "WindowsForms", "WindowsForm\WindowsForms.csproj", "{1B48930A-FFDD-474B-8C97-D61050C8E3B6}"
EndProject
Project("{FAE04EC0-301F-11D3-BF4B-00C04F79EFBC}") = "Domain.Model", "Domain.Model\Domain.Model.csproj", "{C37BA3C1-7A78-4CEC-AA2A-0694CE251EE0}"
EndProject
Project("{FAE04EC0-301F-11D3-BF4B-00C04F79EFBC}") = "DTOs", "DTOs\DTOs.csproj", "{9DAE022A-D468-4DAB-BF3C-618CEC3558E2}"
EndProject
Project("{FAE04EC0-301F-11D3-BF4B-00C04F79EFBC}") = "Data", "Data\Data.csproj", "{9B30639A-5EA0-4963-A411-8AF4F207373A}"
EndProject
Project("{FAE04EC0-301F-11D3-BF4B-00C04F79EFBC}") = "Application.Services", "Application.Services\Application.Services.csproj", "{82F003D0-BF5A-4A8D-BB29-E7B1472D78D5}"
EndProject
Project("{FAE04EC0-301F-11D3-BF4B-00C04F79EFBC}") = "API.Clients", "API.Clients\API.Clients.csproj", "{DBF5A86F-3886-49E8-BF94-0C15FE3E18EC}"
EndProject
Project("{FAE04EC0-301F-11D3-BF4B-00C04F79EFBC}") = "Blazor.WebAssembly", "Blazor.WebAssembly\Blazor.WebAssembly.csproj", "{673545F9-2D87-441E-8BF0-5AEBF5D50972}"
EndProject
Project("{FAE04EC0-301F-11D3-BF4B-00C04F79EFBC}") = "API.Auth.Blazor.WebAssembly", "API.Auth.Blazor.WebAssembly\API.Auth.Blazor.WebAssembly.csproj", "{DBB24580-3507-4DEF-A513-05440809C978}"
EndProject
Global
	GlobalSection(SolutionConfigurationPlatforms) = preSolution
		Debug|Any CPU = Debug|Any CPU
		Debug|x64 = Debug|x64
		Debug|x86 = Debug|x86
		Release|Any CPU = Release|Any CPU
		Release|x64 = Release|x64
		Release|x86 = Release|x86
	EndGlobalSection
	GlobalSection(ProjectConfigurationPlatforms) = postSolution
		{4FEE08BD-2D24-4448-8D79-5CDE42ADF509}.Debug|Any CPU.ActiveCfg = Debug|Any CPU
		{4FEE08BD-2D24-4448-8D79-5CDE42ADF509}.Debug|Any CPU.Build.0 = Debug|Any CPU
		{4FEE08BD-2D24-4448-8D79-5CDE42ADF509}.Debug|x64.ActiveCfg = Debug|Any CPU
		{4FEE08BD-2D24-4448-8D79-5CDE42ADF509}.Debug|x64.Build.0 = Debug|Any CPU
		{4FEE08BD-2D24-4448-8D79-5CDE42ADF509}.Debug|x86.ActiveCfg = Debug|Any CPU
		{4FEE08BD-2D24-4448-8D79-5CDE42ADF509}.Debug|x86.Build.0 = Debug|Any CPU
		{4FEE08BD-2D24-4448-8D79-5CDE42ADF509}.Release|Any CPU.ActiveCfg = Release|Any CPU
		{4FEE08BD-2D24-4448-8D79-5CDE42ADF509}.Release|Any CPU.Build.0 = Release|Any CPU
		{4FEE08BD-2D24-4448-8D79-5CDE42ADF509}.Release|x64.ActiveCfg = Release|Any CPU
		{4FEE08BD-2D24-4448-8D79-5CDE42ADF509}.Release|x64.Build.0 = Release|Any CPU
		{4FEE08BD-2D24-4448-8D79-5CDE42ADF509}.Release|x86.ActiveCfg = Release|Any CPU
		{4FEE08BD-2D24-4448-8D79-5CDE42ADF509}.Release|x86.Build.0 = Release|Any CPU
		{1B48930A-FFDD-474B-8C97-D61050C8E3B6}.Debug|Any CPU.ActiveCfg = Debug|Any CPU
		{1B48930A-FFDD-474B-8C97-D61050C8E3B6}.Debug|Any CPU.Build.0 = Debug|Any CPU
		{1B48930A-FFDD-474B-8C97-D61050C8E3B6}.Debug|x64.ActiveCfg = Debug|Any CPU
		{1B48930A-FFDD-474B-8C97-D61050C8E3B6}.Debug|x64.Build.0 = Debug|Any CPU
		{1B48930A-FFDD-474B-8C97-D61050C8E3B6}.Debug|x86.ActiveCfg = Debug|Any CPU
		{1B48930A-FFDD-474B-8C97-D61050C8E3B6}.Debug|x86.Build.0 = Debug|Any CPU
		{1B48930A-FFDD-474B-8C97-D61050C8E3B6}.Release|Any CPU.ActiveCfg = Release|Any CPU
		{1B48930A-FFDD-474B-8C97-D61050C8E3B6}.Release|Any CPU.Build.0 = Release|Any CPU
		{1B48930A-FFDD-474B-8C97-D61050C8E3B6}.Release|x64.ActiveCfg = Release|Any CPU
		{1B48930A-FFDD-474B-8C97-D61050C8E3B6}.Release|x64.Build.0 = Release|Any CPU
		{1B48930A-FFDD-474B-8C97-D61050C8E3B6}.Release|x86.ActiveCfg = Release|Any CPU
		{1B48930A-FFDD-474B-8C97-D61050C8E3B6}.Release|x86.Build.0 = Release|Any CPU
		{C37BA3C1-7A78-4CEC-AA2A-0694CE251EE0}.Debug|Any CPU.ActiveCfg = Debug|Any CPU
		{C37BA3C1-7A78-4CEC-AA2A-0694CE251EE0}.Debug|Any CPU.Build.0 = Debug|Any CPU
		{C37BA3C1-7A78-4CEC-AA2A-0694CE251EE0}.Debug|x64.ActiveCfg = Debug|Any CPU
		{C37BA3C1-7A78-4CEC-AA2A-0694CE251EE0}.Debug|x64.Build.0 = Debug|Any CPU
		{C37BA3C1-7A78-4CEC-AA2A-0694CE251EE0}.Debug|x86.ActiveCfg = Debug|Any CPU
		{C37BA3C1-7A78-4CEC-AA2A-0694CE251EE0}.Debug|x86.Build.0 = Debug|Any CPU
		{C37BA3C1-7A78-4CEC-AA2A-0694CE251EE0}.Release|Any CPU.ActiveCfg = Release|Any CPU
		{C37BA3C1-7A78-4CEC-AA2A-0694CE251EE0}.Release|Any CPU.Build.0 = Release|Any CPU
		{C37BA3C1-7A78-4CEC-AA2A-0694CE251EE0}.Release|x64.ActiveCfg = Release|Any CPU
		{C37BA3C1-7A78-4CEC-AA2A-0694CE251EE0}.Release|x64.Build.0 = Release|Any CPU
		{C37BA3C1-7A78-4CEC-AA2A-0694CE251EE0}.Release|x86.ActiveCfg = Release|Any CPU
		{C37BA3C1-7A78-4CEC-AA2A-0694CE251EE0}.Release|x86.Build.0 = Release|Any CPU
		{9DAE022A-D468-4DAB-BF3C-618CEC3558E2}.Debug|Any CPU.ActiveCfg = Debug|Any CPU
		{9DAE022A-D468-4DAB-BF3C-618CEC3558E2}.Debug|Any CPU.Build.0 = Debug|Any CPU
		{9DAE022A-D468-4DAB-BF3C-618CEC3558E2}.Debug|x64.ActiveCfg = Debug|Any CPU
		{9DAE022A-D468-4DAB-BF3C-618CEC3558E2}.Debug|x64.Build.0 = Debug|Any CPU
		{9DAE022A-D468-4DAB-BF3C-618CEC3558E2}.Debug|x86.ActiveCfg = Debug|Any CPU
		{9DAE022A-D468-4DAB-BF3C-618CEC3558E2}.Debug|x86.Build.0 = Debug|Any CPU
		{9DAE022A-D468-4DAB-BF3C-618CEC3558E2}.Release|Any CPU.ActiveCfg = Release|Any CPU
		{9DAE022A-D468-4DAB-BF3C-618CEC3558E2}.Release|Any CPU.Build.0 = Release|Any CPU
		{9DAE022A-D468-4DAB-BF3C-618CEC3558E2}.Release|x64.ActiveCfg = Release|Any CPU
		{9DAE022A-D468-4DAB-BF3C-618CEC3558E2}.Release|x64.Build.0 = Release|Any CPU
		{9DAE022A-D468-4DAB-BF3C-618CEC3558E2}.Release|x86.ActiveCfg = Release|Any CPU
		{9DAE022A-D468-4DAB-BF3C-618CEC3558E2}.Release|x86.Build.0 = Release|Any CPU
		{9B30639A-5EA0-4963-A411-8AF4F207373A}.Debug|Any CPU.ActiveCfg = Debug|Any CPU
		{9B30639A-5EA0-4963-A411-8AF4F207373A}.Debug|Any CPU.Build.0 = Debug|Any CPU
		{9B30639A-5EA0-4963-A411-8AF4F207373A}.Debug|x64.ActiveCfg = Debug|Any CPU
		{9B30639A-5EA0-4963-A411-8AF4F207373A}.Debug|x64.Build.0 = Debug|Any CPU
		{9B30639A-5EA0-4963-A411-8AF4F207373A}.Debug|x86.ActiveCfg = Debug|Any CPU
		{9B30639A-5EA0-4963-A411-8AF4F207373A}.Debug|x86.Build.0 = Debug|Any CPU
		{9B30639A-5EA0-4963-A411-8AF4F207373A}.Release|Any CPU.ActiveCfg = Release|Any CPU
		{9B30639A-5EA0-4963-A411-8AF4F207373A}.Release|Any CPU.Build.0 = Release|Any CPU
		{9B30639A-5EA0-4963-A411-8AF4F207373A}.Release|x64.ActiveCfg = Release|Any CPU
		{9B30639A-5EA0-4963-A411-8AF4F207373A}.Release|x64.Build.0 = Release|Any CPU
		{9B30639A-5EA0-4963-A411-8AF4F207373A}.Release|x86.ActiveCfg = Release|Any CPU
		{9B30639A-5EA0-4963-A411-8AF4F207373A}.Release|x86.Build.0 = Release|Any CPU
		{82F003D0-BF5A-4A8D-BB29-E7B1472D78D5}.Debug|Any CPU.ActiveCfg = Debug|Any CPU
		{82F003D0-BF5A-4A8D-BB29-E7B1472D78D5}.Debug|Any CPU.Build.0 = Debug|Any CPU
		{82F003D0-BF5A-4A8D-BB29-E7B1472D78D5}.Debug|x64.ActiveCfg = Debug|Any CPU
		{82F003D0-BF5A-4A8D-BB29-E7B1472D78D5}.Debug|x64.Build.0 = Debug|Any CPU
		{82F003D0-BF5A-4A8D-BB29-E7B1472D78D5}.Debug|x86.ActiveCfg = Debug|Any CPU
		{82F003D0-BF5A-4A8D-BB29-E7B1472D78D5}.Debug|x86.Build.0 = Debug|Any CPU
		{82F003D0-BF5A-4A8D-BB29-E7B1472D78D5}.Release|Any CPU.ActiveCfg = Release|Any CPU
		{82F003D0-BF5A-4A8D-BB29-E7B1472D78D5}.Release|Any CPU.Build.0 = Release|Any CPU
		{82F003D0-BF5A-4A8D-BB29-E7B1472D78D5}.Release|x64.ActiveCfg = Release|Any CPU
		{82F003D0-BF5A-4A8D-BB29-E7B1472D78D5}.Release|x64.Build.0 = Release|Any CPU
		{82F003D0-BF5A-4A8D-BB29-E7B1472D78D5}.Release|x86.ActiveCfg = Release|Any CPU
		{82F003D0-BF5A-4A8D-BB29-E7B1472D78D5}.Release|x86.Build.0 = Release|Any CPU
		{DBF5A86F-3886-49E8-BF94-0C15FE3E18EC}.Debug|Any CPU.ActiveCfg = Debug|Any CPU
		{DBF5A86F-3886-49E8-BF94-0C15FE3E18EC}.Debug|Any CPU.Build.0 = Debug|Any CPU
		{DBF5A86F-3886-49E8-BF94-0C15FE3E18EC}.Debug|x64.ActiveCfg = Debug|Any CPU
		{DBF5A86F-3886-49E8-BF94-0C15FE3E18EC}.Debug|x64.Build.0 = Debug|Any CPU
		{DBF5A86F-3886-49E8-BF94-0C15FE3E18EC}.Debug|x86.ActiveCfg = Debug|Any CPU
		{DBF5A86F-3886-49E8-BF94-0C15FE3E18EC}.Debug|x86.Build.0 = Debug|Any CPU
		{DBF5A86F-3886-49E8-BF94-0C15FE3E18EC}.Release|Any CPU.ActiveCfg = Release|Any CPU
		{DBF5A86F-3886-49E8-BF94-0C15FE3E18EC}.Release|Any CPU.Build.0 = Release|Any CPU
		{DBF5A86F-3886-49E8-BF94-0C15FE3E18EC}.Release|x64.ActiveCfg = Release|Any CPU
		{DBF5A86F-3886-49E8-BF94-0C15FE3E18EC}.Release|x64.Build.0 = Release|Any CPU
		{DBF5A86F-3886-49E8-BF94-0C15FE3E18EC}.Release|x86.ActiveCfg = Release|Any CPU
		{DBF5A86F-3886-49E8-BF94-0C15FE3E18EC}.Release|x86.Build.0 = Release|Any CPU
		{673545F9-2D87-441E-8BF0-5AEBF5D50972}.Debug|Any CPU.ActiveCfg = Debug|Any CPU
		{673545F9-2D87-441E-8BF0-5AEBF5D50972}.Debug|Any CPU.Build.0 = Debug|Any CPU
		{673545F9-2D87-441E-8BF0-5AEBF5D50972}.Debug|x64.ActiveCfg = Debug|Any CPU
		{673545F9-2D87-441E-8BF0-5AEBF5D50972}.Debug|x64.Build.0 = Debug|Any CPU
		{673545F9-2D87-441E-8BF0-5AEBF5D50972}.Debug|x86.ActiveCfg = Debug|Any CPU
		{673545F9-2D87-441E-8BF0-5AEBF5D50972}.Debug|x86.Build.0 = Debug|Any CPU
		{673545F9-2D87-441E-8BF0-5AEBF5D50972}.Release|Any CPU.ActiveCfg = Release|Any CPU
		{673545F9-2D87-441E-8BF0-5AEBF5D50972}.Release|Any CPU.Build.0 = Release|Any CPU
		{673545F9-2D87-441E-8BF0-5AEBF5D50972}.Release|x64.ActiveCfg = Release|Any CPU
		{673545F9-2D87-441E-8BF0-5AEBF5D50972}.Release|x64.Build.0 = Release|Any CPU
		{673545F9-2D87-441E-8BF0-5AEBF5D50972}.Release|x86.ActiveCfg = Release|Any CPU
		{673545F9-2D87-441E-8BF0-5AEBF5D50972}.Release|x86.Build.0 = Release|Any CPU
		{DBB24580-3507-4DEF-A513-05440809C978}.Debug|Any CPU.ActiveCfg = Debug|Any CPU
		{DBB24580-3507-4DEF-A513-05440809C978}.Debug|Any CPU.Build.0 = Debug|Any CPU
		{DBB24580-3507-4DEF-A513-05440809C978}.Debug|x64.ActiveCfg = Debug|Any CPU
		{DBB24580-3507-4DEF-A513-05440809C978}.Debug|x64.Build.0 = Debug|Any CPU
		{DBB24580-3507-4DEF-A513-05440809C978}.Debug|x86.ActiveCfg = Debug|Any CPU
		{DBB24580-3507-4DEF-A513-05440809C978}.Debug|x86.Build.0 = Debug|Any CPU
		{DBB24580-3507-4DEF-A513-05440809C978}.Release|Any CPU.ActiveCfg = Release|Any CPU
		{DBB24580-3507-4DEF-A513-05440809C978}.Release|Any CPU.Build.0 = Release|Any CPU
		{DBB24580-3507-4DEF-A513-05440809C978}.Release|x64.ActiveCfg = Release|Any CPU
		{DBB24580-3507-4DEF-A513-05440809C978}.Release|x64.Build.0 = Release|Any CPU
		{DBB24580-3507-4DEF-A513-05440809C978}.Release|x86.ActiveCfg = Release|Any CPU
		{DBB24580-3507-4DEF-A513-05440809C978}.Release|x86.Build.0 = Release|Any CPU
	EndGlobalSection
	GlobalSection(SolutionProperties) = preSolution
		HideSolutionNode = FALSE
	EndGlobalSection
	GlobalSection(ExtensibilityGlobals) = postSolution
		SolutionGuid = {D508DC2B-3631-4316-B547-A8DD88319B5A}
	EndGlobalSection
EndGlobal
